
Microsoft Visual Studio Solution File, Format Version 12.00
# Visual Studio Version 17
VisualStudioVersion = 17.14.36429.23 d17.14
MinimumVisualStudioVersion = 10.0.40219.1
Project("{8BC9CEB8-8B4A-11D0-8D11-00A0C91BC942}") = "ConsoleApplication", "ConsoleApplication.vcxproj", "{2AD92D6E-C944-4DE8-9972-3A256A6321CF}"
EndProject
Project("{8BC9CEB8-8B4A-11D0-8D11-00A0C91BC942}") = "Restaurante", "..\Restaurante\Restaurante.vcxproj", "{AA852E03-9FEC-4743-B472-52627E5E8E01}"
EndProject
Project("{8BC9CEB8-8B4A-11D0-8D11-00A0C91BC942}") = "Pedagio", "..\Pedagio\Pedagio.vcxproj", "{5D17EE78-D1C9-44F1-B9BC-216ECBCF4DAE}"
EndProject
Project("{8BC9CEB8-8B4A-11D0-8D11-00A0C91BC942}") = "PrecoProduto", "..\PrecoProduto\PrecoProduto.vcxproj", "{C0294488-4F8E-417D-833C-7BFCCF8DCF40}"
EndProject
Global
	GlobalSection(SolutionConfigurationPlatforms) = preSolution
		Debug|x64 = Debug|x64
		Debug|x86 = Debug|x86
		Release|x64 = Release|x64
		Release|x86 = Release|x86
	EndGlobalSection
	GlobalSection(ProjectConfigurationPlatforms) = postSolution
		{2AD92D6E-C944-4DE8-9972-3A256A6321CF}.Debug|x64.ActiveCfg = Debug|x64
		{2AD92D6E-C944-4DE8-9972-3A256A6321CF}.Debug|x64.Build.0 = Debug|x64
		{2AD92D6E-C944-4DE8-9972-3A256A6321CF}.Debug|x86.ActiveCfg = Debug|Win32
		{2AD92D6E-C944-4DE8-9972-3A256A6321CF}.Debug|x86.Build.0 = Debug|Win32
		{2AD92D6E-C944-4DE8-9972-3A256A6321CF}.Release|x64.ActiveCfg = Release|x64
		{2AD92D6E-C944-4DE8-9972-3A256A6321CF}.Release|x64.Build.0 = Release|x64
		{2AD92D6E-C944-4DE8-9972-3A256A6321CF}.Release|x86.ActiveCfg = Release|Win32
		{2AD92D6E-C944-4DE8-9972-3A256A6321CF}.Release|x86.Build.0 = Release|Win32
		{AA852E03-9FEC-4743-B472-52627E5E8E01}.Debug|x64.ActiveCfg = Debug|x64
		{AA852E03-9FEC-4743-B472-52627E5E8E01}.Debug|x64.Build.0 = Debug|x64
		{AA852E03-9FEC-4743-B472-52627E5E8E01}.Debug|x86.ActiveCfg = Debug|Win32
		{AA852E03-9FEC-4743-B472-52627E5E8E01}.Debug|x86.Build.0 = Debug|Win32
		{AA852E03-9FEC-4743-B472-52627E5E8E01}.Release|x64.ActiveCfg = Release|x64
		{AA852E03-9FEC-4743-B472-52627E5E8E01}.Release|x64.Build.0 = Release|x64
		{AA852E03-9FEC-4743-B472-52627E5E8E01}.Release|x86.ActiveCfg = Release|Win32
		{AA852E03-9FEC-4743-B472-52627E5E8E01}.Release|x86.Build.0 = Release|Win32
		{5D17EE78-D1C9-44F1-B9BC-216ECBCF4DAE}.Debug|x64.ActiveCfg = Debug|x64
		{5D17EE78-D1C9-44F1-B9BC-216ECBCF4DAE}.Debug|x64.Build.0 = Debug|x64
		{5D17EE78-D1C9-44F1-B9BC-216ECBCF4DAE}.Debug|x86.ActiveCfg = Debug|Win32
		{5D17EE78-D1C9-44F1-B9BC-216ECBCF4DAE}.Debug|x86.Build.0 = Debug|Win32
		{5D17EE78-D1C9-44F1-B9BC-216ECBCF4DAE}.Release|x64.ActiveCfg = Release|x64
		{5D17EE78-D1C9-44F1-B9BC-216ECBCF4DAE}.Release|x64.Build.0 = Release|x64
		{5D17EE78-D1C9-44F1-B9BC-216ECBCF4DAE}.Release|x86.ActiveCfg = Release|Win32
		{5D17EE78-D1C9-44F1-B9BC-216ECBCF4DAE}.Release|x86.Build.0 = Release|Win32
		{C0294488-4F8E-417D-833C-7BFCCF8DCF40}.Debug|x64.ActiveCfg = Debug|x64
		{C0294488-4F8E-417D-833C-7BFCCF8DCF40}.Debug|x64.Build.0 = Debug|x64
		{C0294488-4F8E-417D-833C-7BFCCF8DCF40}.Debug|x86.ActiveCfg = Debug|Win32
		{C0294488-4F8E-417D-833C-7BFCCF8DCF40}.Debug|x86.Build.0 = Debug|Win32
		{C0294488-4F8E-417D-833C-7BFCCF8DCF40}.Release|x64.ActiveCfg = Release|x64
		{C0294488-4F8E-417D-833C-7BFCCF8DCF40}.Release|x64.Build.0 = Release|x64
		{C0294488-4F8E-417D-833C-7BFCCF8DCF40}.Release|x86.ActiveCfg = Release|Win32
		{C0294488-4F8E-417D-833C-7BFCCF8DCF40}.Release|x86.Build.0 = Release|Win32
	EndGlobalSection
	GlobalSection(SolutionProperties) = preSolution
		HideSolutionNode = FALSE
	EndGlobalSection
	GlobalSection(ExtensibilityGlobals) = postSolution
		SolutionGuid = {06F50641-CF2A-4011-84A5-93D2A05314A9}
	EndGlobalSection
EndGlobal
